
Microsoft Visual Studio Solution File, Format Version 12.00
# Visual Studio Version 16
VisualStudioVersion = 16.0.32510.428
MinimumVisualStudioVersion = 10.0.40219.1
Project("{FAE04EC0-301F-11D3-BF4B-00C04F79EFBC}") = "Drone(old)", "Drone(old)\Drone(old).csproj", "{02210F2D-42C9-4DDB-86D1-3EA1E68E9A86}"
EndProject
Project("{FAE04EC0-301F-11D3-BF4B-00C04F79EFBC}") = "Hub(old)", "Hub(old)\Hub(old).csproj", "{19D9D8A0-749A-463C-B5BC-B931C9CE4DCC}"
EndProject
Project("{FAE04EC0-301F-11D3-BF4B-00C04F79EFBC}") = "Formation(old)", "Formation(old)\Formation(old).csproj", "{83960732-3DC3-4CCD-A6EB-E0D40CEF653B}"
EndProject
Project("{2150E333-8FDC-42A3-9474-1A3956D46DE8}") = "NEW", "NEW", "{5A55A8C4-15D4-446C-8B3C-64997634CDBE}"
EndProject
Project("{2150E333-8FDC-42A3-9474-1A3956D46DE8}") = "OLD", "OLD", "{95E417D2-7A76-4F06-BB3F-74B69235681A}"
EndProject
Project("{2150E333-8FDC-42A3-9474-1A3956D46DE8}") = "WORKING", "WORKING", "{CA46661D-BBBD-4429-A3C6-C6CEC55B7E7F}"
EndProject
Project("{FAE04EC0-301F-11D3-BF4B-00C04F79EFBC}") = "Drone", "Drone(test)\Drone.csproj", "{D626B1BD-7F09-4482-ADAB-8F7EBCB0DE60}"
EndProject
Project("{FAE04EC0-301F-11D3-BF4B-00C04F79EFBC}") = "Formation", "Formation(test)\Formation.csproj", "{0653384D-E499-4D7A-A6BE-0B69FDC70109}"
EndProject
Project("{FAE04EC0-301F-11D3-BF4B-00C04F79EFBC}") = "Hub", "Hub(test)\Hub.csproj", "{E339B56C-F03D-4E53-9189-C0A299D1C7F1}"
EndProject
Project("{2150E333-8FDC-42A3-9474-1A3956D46DE8}") = "TESTING", "TESTING", "{73DDDF0E-241D-45C3-802D-C2BD81034786}"
EndProject
Project("{FAE04EC0-301F-11D3-BF4B-00C04F79EFBC}") = "Testing0", "Testing0\Testing0.csproj", "{FD9072CF-4EAC-42A7-ADAF-FF97CB3DA253}"
EndProject
Project("{FAE04EC0-301F-11D3-BF4B-00C04F79EFBC}") = "Broadcaster", "Broadcaster\Broadcaster.csproj", "{65CC4DDD-2D21-40C2-B986-8DEEE2CA9D5A}"
EndProject
Project("{FAE04EC0-301F-11D3-BF4B-00C04F79EFBC}") = "Testing1", "Testing1\Testing1.csproj", "{63EDAF25-39EF-473B-B6F8-71CE846EE39C}"
EndProject
Project("{2150E333-8FDC-42A3-9474-1A3956D46DE8}") = "SKYNET", "SKYNET", "{BFCA7A65-8AA7-417B-90DE-5E6D5FE8A816}"
EndProject
Project("{FAE04EC0-301F-11D3-BF4B-00C04F79EFBC}") = "NetDrone", "Drone\NetDrone.csproj", "{67B90C9D-A2C5-4B5B-8CB0-2E3ADDCD326B}"
EndProject
Project("{FAE04EC0-301F-11D3-BF4B-00C04F79EFBC}") = "NetHub", "NetHub\NetHub.csproj", "{0BE16571-ACEE-4819-A1A4-A844031F6309}"
EndProject
Project("{FAE04EC0-301F-11D3-BF4B-00C04F79EFBC}") = "FleetControl", "Hub_Form_Combo\FleetControl.csproj", "{C32BC0A4-C00C-4218-8388-C68C85536809}"
EndProject
Project("{FAE04EC0-301F-11D3-BF4B-00C04F79EFBC}") = "WeaponCore Sample", "WeaponCore Sample\WeaponCore Sample.csproj", "{53D68AEE-D943-4A17-8737-F65252302BF7}"
EndProject
Project("{FAE04EC0-301F-11D3-BF4B-00C04F79EFBC}") = "Drone", "Backup Drone\Drone.csproj", "{1776184B-1F15-4164-A872-308975C43DBF}"
EndProject
Global
	GlobalSection(SolutionConfigurationPlatforms) = preSolution
		Debug|x64 = Debug|x64
	EndGlobalSection
	GlobalSection(ProjectConfigurationPlatforms) = postSolution
		{02210F2D-42C9-4DDB-86D1-3EA1E68E9A86}.Debug|x64.ActiveCfg = Debug|x64
		{02210F2D-42C9-4DDB-86D1-3EA1E68E9A86}.Debug|x64.Build.0 = Debug|x64
		{19D9D8A0-749A-463C-B5BC-B931C9CE4DCC}.Debug|x64.ActiveCfg = Debug|x64
		{19D9D8A0-749A-463C-B5BC-B931C9CE4DCC}.Debug|x64.Build.0 = Debug|x64
		{83960732-3DC3-4CCD-A6EB-E0D40CEF653B}.Debug|x64.ActiveCfg = Debug|x64
		{83960732-3DC3-4CCD-A6EB-E0D40CEF653B}.Debug|x64.Build.0 = Debug|x64
		{D626B1BD-7F09-4482-ADAB-8F7EBCB0DE60}.Debug|x64.ActiveCfg = Debug|x64
		{D626B1BD-7F09-4482-ADAB-8F7EBCB0DE60}.Debug|x64.Build.0 = Debug|x64
		{0653384D-E499-4D7A-A6BE-0B69FDC70109}.Debug|x64.ActiveCfg = Debug|x64
		{0653384D-E499-4D7A-A6BE-0B69FDC70109}.Debug|x64.Build.0 = Debug|x64
		{E339B56C-F03D-4E53-9189-C0A299D1C7F1}.Debug|x64.ActiveCfg = Debug|x64
		{E339B56C-F03D-4E53-9189-C0A299D1C7F1}.Debug|x64.Build.0 = Debug|x64
		{FD9072CF-4EAC-42A7-ADAF-FF97CB3DA253}.Debug|x64.ActiveCfg = Debug|x64
		{FD9072CF-4EAC-42A7-ADAF-FF97CB3DA253}.Debug|x64.Build.0 = Debug|x64
		{65CC4DDD-2D21-40C2-B986-8DEEE2CA9D5A}.Debug|x64.ActiveCfg = Debug|x64
		{65CC4DDD-2D21-40C2-B986-8DEEE2CA9D5A}.Debug|x64.Build.0 = Debug|x64
		{63EDAF25-39EF-473B-B6F8-71CE846EE39C}.Debug|x64.ActiveCfg = Debug|x64
		{63EDAF25-39EF-473B-B6F8-71CE846EE39C}.Debug|x64.Build.0 = Debug|x64
		{67B90C9D-A2C5-4B5B-8CB0-2E3ADDCD326B}.Debug|x64.ActiveCfg = Debug|x64
		{67B90C9D-A2C5-4B5B-8CB0-2E3ADDCD326B}.Debug|x64.Build.0 = Debug|x64
		{0BE16571-ACEE-4819-A1A4-A844031F6309}.Debug|x64.ActiveCfg = Debug|x64
		{0BE16571-ACEE-4819-A1A4-A844031F6309}.Debug|x64.Build.0 = Debug|x64
		{C32BC0A4-C00C-4218-8388-C68C85536809}.Debug|x64.ActiveCfg = Debug|x64
		{C32BC0A4-C00C-4218-8388-C68C85536809}.Debug|x64.Build.0 = Debug|x64
		{53D68AEE-D943-4A17-8737-F65252302BF7}.Debug|x64.ActiveCfg = Debug|x64
		{53D68AEE-D943-4A17-8737-F65252302BF7}.Debug|x64.Build.0 = Debug|x64
		{1776184B-1F15-4164-A872-308975C43DBF}.Debug|x64.ActiveCfg = Debug|x64
		{1776184B-1F15-4164-A872-308975C43DBF}.Debug|x64.Build.0 = Debug|x64
	EndGlobalSection
	GlobalSection(SolutionProperties) = preSolution
		HideSolutionNode = FALSE
	EndGlobalSection
	GlobalSection(NestedProjects) = preSolution
		{02210F2D-42C9-4DDB-86D1-3EA1E68E9A86} = {95E417D2-7A76-4F06-BB3F-74B69235681A}
		{19D9D8A0-749A-463C-B5BC-B931C9CE4DCC} = {95E417D2-7A76-4F06-BB3F-74B69235681A}
		{83960732-3DC3-4CCD-A6EB-E0D40CEF653B} = {95E417D2-7A76-4F06-BB3F-74B69235681A}
		{D626B1BD-7F09-4482-ADAB-8F7EBCB0DE60} = {CA46661D-BBBD-4429-A3C6-C6CEC55B7E7F}
		{0653384D-E499-4D7A-A6BE-0B69FDC70109} = {CA46661D-BBBD-4429-A3C6-C6CEC55B7E7F}
		{E339B56C-F03D-4E53-9189-C0A299D1C7F1} = {CA46661D-BBBD-4429-A3C6-C6CEC55B7E7F}
		{FD9072CF-4EAC-42A7-ADAF-FF97CB3DA253} = {73DDDF0E-241D-45C3-802D-C2BD81034786}
		{65CC4DDD-2D21-40C2-B986-8DEEE2CA9D5A} = {73DDDF0E-241D-45C3-802D-C2BD81034786}
		{63EDAF25-39EF-473B-B6F8-71CE846EE39C} = {73DDDF0E-241D-45C3-802D-C2BD81034786}
		{67B90C9D-A2C5-4B5B-8CB0-2E3ADDCD326B} = {BFCA7A65-8AA7-417B-90DE-5E6D5FE8A816}
		{0BE16571-ACEE-4819-A1A4-A844031F6309} = {BFCA7A65-8AA7-417B-90DE-5E6D5FE8A816}
		{C32BC0A4-C00C-4218-8388-C68C85536809} = {5A55A8C4-15D4-446C-8B3C-64997634CDBE}
		{53D68AEE-D943-4A17-8737-F65252302BF7} = {73DDDF0E-241D-45C3-802D-C2BD81034786}
		{1776184B-1F15-4164-A872-308975C43DBF} = {5A55A8C4-15D4-446C-8B3C-64997634CDBE}
	EndGlobalSection
	GlobalSection(ExtensibilityGlobals) = postSolution
		SolutionGuid = {4BF27CB5-E5D6-4BF6-ACA4-DCD1F6F0670E}
	EndGlobalSection
EndGlobal
